
Microsoft Visual Studio Solution File, Format Version 12.00
# Visual Studio Version 17
VisualStudioVersion = 17.10.34916.146
MinimumVisualStudioVersion = 10.0.40219.1
Project("{FAE04EC0-301F-11D3-BF4B-00C04F79EFBC}") = "WebApplicationSecurity", "WebApplicationSecurity\WebApplicationSecurity.csproj", "{017BBC24-5DE2-4385-A262-7FAF8608BE9A}"
EndProject
Global
	GlobalSection(SolutionConfigurationPlatforms) = preSolution
		Debug|Any CPU = Debug|Any CPU
		Release|Any CPU = Release|Any CPU
	EndGlobalSection
	GlobalSection(ProjectConfigurationPlatforms) = postSolution
		{017BBC24-5DE2-4385-A262-7FAF8608BE9A}.Debug|Any CPU.ActiveCfg = Debug|Any CPU
		{017BBC24-5DE2-4385-A262-7FAF8608BE9A}.Debug|Any CPU.Build.0 = Debug|Any CPU
		{017BBC24-5DE2-4385-A262-7FAF8608BE9A}.Release|Any CPU.ActiveCfg = Release|Any CPU
		{017BBC24-5DE2-4385-A262-7FAF8608BE9A}.Release|Any CPU.Build.0 = Release|Any CPU
	EndGlobalSection
	GlobalSection(SolutionProperties) = preSolution
		HideSolutionNode = FALSE
	EndGlobalSection
	GlobalSection(ExtensibilityGlobals) = postSolution
		SolutionGuid = {DE81D349-645C-435D-9F1F-07A6555E81B8}
	EndGlobalSection
EndGlobal
